
Microsoft Visual Studio Solution File, Format Version 12.00
# Visual Studio Version 16
VisualStudioVersion = 16.0.29911.84
MinimumVisualStudioVersion = 10.0.40219.1
Project("{FAE04EC0-301F-11D3-BF4B-00C04F79EFBC}") = "Chapter3", "Chapter3\Chapter3.csproj", "{DBC7FB94-909E-4C75-9B88-38326DEDB273}"
EndProject
Project("{FAE04EC0-301F-11D3-BF4B-00C04F79EFBC}") = "Chapter4", "Chapter4\Chapter4.csproj", "{D5AD55DA-E05B-4479-B533-84CC87BF043A}"
EndProject
Global
	GlobalSection(SolutionConfigurationPlatforms) = preSolution
		Debug|Any CPU = Debug|Any CPU
		Release|Any CPU = Release|Any CPU
	EndGlobalSection
	GlobalSection(ProjectConfigurationPlatforms) = postSolution
		{DBC7FB94-909E-4C75-9B88-38326DEDB273}.Debug|Any CPU.ActiveCfg = Debug|Any CPU
		{DBC7FB94-909E-4C75-9B88-38326DEDB273}.Debug|Any CPU.Build.0 = Debug|Any CPU
		{DBC7FB94-909E-4C75-9B88-38326DEDB273}.Release|Any CPU.ActiveCfg = Release|Any CPU
		{DBC7FB94-909E-4C75-9B88-38326DEDB273}.Release|Any CPU.Build.0 = Release|Any CPU
		{D5AD55DA-E05B-4479-B533-84CC87BF043A}.Debug|Any CPU.ActiveCfg = Debug|Any CPU
		{D5AD55DA-E05B-4479-B533-84CC87BF043A}.Debug|Any CPU.Build.0 = Debug|Any CPU
		{D5AD55DA-E05B-4479-B533-84CC87BF043A}.Release|Any CPU.ActiveCfg = Release|Any CPU
		{D5AD55DA-E05B-4479-B533-84CC87BF043A}.Release|Any CPU.Build.0 = Release|Any CPU
	EndGlobalSection
	GlobalSection(SolutionProperties) = preSolution
		HideSolutionNode = FALSE
	EndGlobalSection
	GlobalSection(ExtensibilityGlobals) = postSolution
		SolutionGuid = {E0C741B7-EFAD-403F-9364-BBC553F3BAD5}
	EndGlobalSection
EndGlobal
