
Microsoft Visual Studio Solution File, Format Version 12.00
# Visual Studio Version 16
VisualStudioVersion = 16.0.29911.84
MinimumVisualStudioVersion = 10.0.40219.1
Project("{FAE04EC0-301F-11D3-BF4B-00C04F79EFBC}") = "Chapter3", "Chapter3\Chapter3.csproj", "{DBC7FB94-909E-4C75-9B88-38326DEDB273}"
EndProject
Project("{FAE04EC0-301F-11D3-BF4B-00C04F79EFBC}") = "Chapter4", "Chapter4\Chapter4.csproj", "{D5AD55DA-E05B-4479-B533-84CC87BF043A}"
EndProject
Project("{FAE04EC0-301F-11D3-BF4B-00C04F79EFBC}") = "Chapter5", "Chapter5\Chapter5.csproj", "{455B8C57-21FC-4D9D-A4A2-DE903A8F0BB8}"
EndProject
Project("{FAE04EC0-301F-11D3-BF4B-00C04F79EFBC}") = "Chapter6", "Chapter6\Chapter6.csproj", "{9C15C91C-0B18-4741-859E-BF7DC37B3769}"
EndProject
Project("{FAE04EC0-301F-11D3-BF4B-00C04F79EFBC}") = "Chapter7", "Chapter7\Chapter7.csproj", "{402C94E7-BF5B-46B7-B7DF-A0883EB06452}"
EndProject
Project("{FAE04EC0-301F-11D3-BF4B-00C04F79EFBC}") = "SendMailApp", "SendMailApp\SendMailApp.csproj", "{3CEF5F45-3A0E-4910-9E47-91243CCF6EF9}"
EndProject
Global
	GlobalSection(SolutionConfigurationPlatforms) = preSolution
		Debug|Any CPU = Debug|Any CPU
		Release|Any CPU = Release|Any CPU
	EndGlobalSection
	GlobalSection(ProjectConfigurationPlatforms) = postSolution
		{DBC7FB94-909E-4C75-9B88-38326DEDB273}.Debug|Any CPU.ActiveCfg = Debug|Any CPU
		{DBC7FB94-909E-4C75-9B88-38326DEDB273}.Debug|Any CPU.Build.0 = Debug|Any CPU
		{DBC7FB94-909E-4C75-9B88-38326DEDB273}.Release|Any CPU.ActiveCfg = Release|Any CPU
		{DBC7FB94-909E-4C75-9B88-38326DEDB273}.Release|Any CPU.Build.0 = Release|Any CPU
		{D5AD55DA-E05B-4479-B533-84CC87BF043A}.Debug|Any CPU.ActiveCfg = Debug|Any CPU
		{D5AD55DA-E05B-4479-B533-84CC87BF043A}.Debug|Any CPU.Build.0 = Debug|Any CPU
		{D5AD55DA-E05B-4479-B533-84CC87BF043A}.Release|Any CPU.ActiveCfg = Release|Any CPU
		{D5AD55DA-E05B-4479-B533-84CC87BF043A}.Release|Any CPU.Build.0 = Release|Any CPU
		{455B8C57-21FC-4D9D-A4A2-DE903A8F0BB8}.Debug|Any CPU.ActiveCfg = Debug|Any CPU
		{455B8C57-21FC-4D9D-A4A2-DE903A8F0BB8}.Debug|Any CPU.Build.0 = Debug|Any CPU
		{455B8C57-21FC-4D9D-A4A2-DE903A8F0BB8}.Release|Any CPU.ActiveCfg = Release|Any CPU
		{455B8C57-21FC-4D9D-A4A2-DE903A8F0BB8}.Release|Any CPU.Build.0 = Release|Any CPU
		{9C15C91C-0B18-4741-859E-BF7DC37B3769}.Debug|Any CPU.ActiveCfg = Debug|Any CPU
		{9C15C91C-0B18-4741-859E-BF7DC37B3769}.Debug|Any CPU.Build.0 = Debug|Any CPU
		{9C15C91C-0B18-4741-859E-BF7DC37B3769}.Release|Any CPU.ActiveCfg = Release|Any CPU
		{9C15C91C-0B18-4741-859E-BF7DC37B3769}.Release|Any CPU.Build.0 = Release|Any CPU
		{402C94E7-BF5B-46B7-B7DF-A0883EB06452}.Debug|Any CPU.ActiveCfg = Debug|Any CPU
		{402C94E7-BF5B-46B7-B7DF-A0883EB06452}.Debug|Any CPU.Build.0 = Debug|Any CPU
		{402C94E7-BF5B-46B7-B7DF-A0883EB06452}.Release|Any CPU.ActiveCfg = Release|Any CPU
		{402C94E7-BF5B-46B7-B7DF-A0883EB06452}.Release|Any CPU.Build.0 = Release|Any CPU
		{3CEF5F45-3A0E-4910-9E47-91243CCF6EF9}.Debug|Any CPU.ActiveCfg = Debug|Any CPU
		{3CEF5F45-3A0E-4910-9E47-91243CCF6EF9}.Debug|Any CPU.Build.0 = Debug|Any CPU
		{3CEF5F45-3A0E-4910-9E47-91243CCF6EF9}.Release|Any CPU.ActiveCfg = Release|Any CPU
		{3CEF5F45-3A0E-4910-9E47-91243CCF6EF9}.Release|Any CPU.Build.0 = Release|Any CPU
	EndGlobalSection
	GlobalSection(SolutionProperties) = preSolution
		HideSolutionNode = FALSE
	EndGlobalSection
	GlobalSection(ExtensibilityGlobals) = postSolution
		SolutionGuid = {E0C741B7-EFAD-403F-9364-BBC553F3BAD5}
	EndGlobalSection
EndGlobal
